
Microsoft Visual Studio Solution File, Format Version 12.00
# Visual Studio Version 17
VisualStudioVersion = 17.4.33110.190
MinimumVisualStudioVersion = 10.0.40219.1
Project("{FAE04EC0-301F-11D3-BF4B-00C04F79EFBC}") = "SQLMusicApp", "SQLMusicApp.csproj", "{8B6F7488-81F4-4819-8C67-CBC26F865B52}"
EndProject
Global
	GlobalSection(SolutionConfigurationPlatforms) = preSolution
		Debug|Any CPU = Debug|Any CPU
		Release|Any CPU = Release|Any CPU
	EndGlobalSection
	GlobalSection(ProjectConfigurationPlatforms) = postSolution
		{8B6F7488-81F4-4819-8C67-CBC26F865B52}.Debug|Any CPU.ActiveCfg = Debug|Any CPU
		{8B6F7488-81F4-4819-8C67-CBC26F865B52}.Debug|Any CPU.Build.0 = Debug|Any CPU
		{8B6F7488-81F4-4819-8C67-CBC26F865B52}.Release|Any CPU.ActiveCfg = Release|Any CPU
		{8B6F7488-81F4-4819-8C67-CBC26F865B52}.Release|Any CPU.Build.0 = Release|Any CPU
	EndGlobalSection
	GlobalSection(SolutionProperties) = preSolution
		HideSolutionNode = FALSE
	EndGlobalSection
	GlobalSection(ExtensibilityGlobals) = postSolution
		SolutionGuid = {DE4F6AAE-7CB6-4DA6-95F9-99CF1EDB44D4}
	EndGlobalSection
EndGlobal
